// !$*UTF8*$!
{
	archiveVersion = 1;
	classes = {
	};
	objectVersion = 56;
	objects = {

/* Begin PBXBuildFile section */
		8EC43A212A33CD1D00724548 /* PetShopApp.swift in Sources */ = {isa = PBXBuildFile; fileRef = 8EC43A202A33CD1D00724548 /* PetShopApp.swift */; };
		8EC43A232A33CD1D00724548 /* ContentView.swift in Sources */ = {isa = PBXBuildFile; fileRef = 8EC43A222A33CD1D00724548 /* ContentView.swift */; };
		8EC43A252A33CD2000724548 /* Assets.xcassets in Resources */ = {isa = PBXBuildFile; fileRef = 8EC43A242A33CD2000724548 /* Assets.xcassets */; };
		8EC43A282A33CD2000724548 /* Preview Assets.xcassets in Resources */ = {isa = PBXBuildFile; fileRef = 8EC43A272A33CD2000724548 /* Preview Assets.xcassets */; };
		8EC43A3C2A33D5AB00724548 /* FontStyles.swift in Sources */ = {isa = PBXBuildFile; fileRef = 8EC43A3B2A33D5AB00724548 /* FontStyles.swift */; };
		8EC43A3E2A33D5C700724548 /* AppColors.swift in Sources */ = {isa = PBXBuildFile; fileRef = 8EC43A3D2A33D5C700724548 /* AppColors.swift */; };
		8EC43A422A33D63E00724548 /* ViewExtension.swift in Sources */ = {isa = PBXBuildFile; fileRef = 8EC43A402A33D63E00724548 /* ViewExtension.swift */; };
		8EC43A452A33DBC800724548 /* AppImages.swift in Sources */ = {isa = PBXBuildFile; fileRef = 8EC43A442A33DBC800724548 /* AppImages.swift */; };
		8EC4CB152A33F85700E0A06F /* Manrope-ExtraBold.otf in Resources */ = {isa = PBXBuildFile; fileRef = 8EC43A342A33D16400724548 /* Manrope-ExtraBold.otf */; };
		8EC4CB162A33F87900E0A06F /* Manrope-SemiBold.otf in Resources */ = {isa = PBXBuildFile; fileRef = 8EC43A362A33D16400724548 /* Manrope-SemiBold.otf */; };
		8EC4CB172A33F87E00E0A06F /* Manrope-Regular.otf in Resources */ = {isa = PBXBuildFile; fileRef = 8EC43A352A33D16400724548 /* Manrope-Regular.otf */; };
		8EC4CB182A33F88100E0A06F /* Manrope-Medium.otf in Resources */ = {isa = PBXBuildFile; fileRef = 8EC43A382A33D16400724548 /* Manrope-Medium.otf */; };
		8EC4CB192A33F88400E0A06F /* Manrope-Bold.otf in Resources */ = {isa = PBXBuildFile; fileRef = 8EC43A372A33D16400724548 /* Manrope-Bold.otf */; };
		8EC4CB1C2A3401B800E0A06F /* BackgroundView.swift in Sources */ = {isa = PBXBuildFile; fileRef = 8EC4CB1B2A3401B800E0A06F /* BackgroundView.swift */; };
		8EC4CB1E2A34034E00E0A06F /* BacgroundCircleView.swift in Sources */ = {isa = PBXBuildFile; fileRef = 8EC4CB1D2A34034E00E0A06F /* BacgroundCircleView.swift */; };
		8ECC71CE2A348F7B0072BA7E /* BorderedCircle.swift in Sources */ = {isa = PBXBuildFile; fileRef = 8ECC71CD2A348F7B0072BA7E /* BorderedCircle.swift */; };
		8ECC71D02A3493250072BA7E /* WhiteCircleView.swift in Sources */ = {isa = PBXBuildFile; fileRef = 8ECC71CF2A3493250072BA7E /* WhiteCircleView.swift */; };
		8ECC71D32A349D000072BA7E /* WelcomeScreenView.swift in Sources */ = {isa = PBXBuildFile; fileRef = 8ECC71D22A349D000072BA7E /* WelcomeScreenView.swift */; };
		8ECC71D52A349DD10072BA7E /* NavigationViewModel.swift in Sources */ = {isa = PBXBuildFile; fileRef = 8ECC71D42A349DD10072BA7E /* NavigationViewModel.swift */; };
/* End PBXBuildFile section */

/* Begin PBXFileReference section */
		8EC43A1D2A33CD1D00724548 /* PetShop.app */ = {isa = PBXFileReference; explicitFileType = wrapper.application; includeInIndex = 0; path = PetShop.app; sourceTree = BUILT_PRODUCTS_DIR; };
		8EC43A202A33CD1D00724548 /* PetShopApp.swift */ = {isa = PBXFileReference; lastKnownFileType = sourcecode.swift; path = PetShopApp.swift; sourceTree = "<group>"; };
		8EC43A222A33CD1D00724548 /* ContentView.swift */ = {isa = PBXFileReference; lastKnownFileType = sourcecode.swift; path = ContentView.swift; sourceTree = "<group>"; };
		8EC43A242A33CD2000724548 /* Assets.xcassets */ = {isa = PBXFileReference; lastKnownFileType = folder.assetcatalog; path = Assets.xcassets; sourceTree = "<group>"; };
		8EC43A272A33CD2000724548 /* Preview Assets.xcassets */ = {isa = PBXFileReference; lastKnownFileType = folder.assetcatalog; path = "Preview Assets.xcassets"; sourceTree = "<group>"; };
		8EC43A342A33D16400724548 /* Manrope-ExtraBold.otf */ = {isa = PBXFileReference; lastKnownFileType = file; path = "Manrope-ExtraBold.otf"; sourceTree = "<group>"; };
		8EC43A352A33D16400724548 /* Manrope-Regular.otf */ = {isa = PBXFileReference; lastKnownFileType = file; path = "Manrope-Regular.otf"; sourceTree = "<group>"; };
		8EC43A362A33D16400724548 /* Manrope-SemiBold.otf */ = {isa = PBXFileReference; lastKnownFileType = file; path = "Manrope-SemiBold.otf"; sourceTree = "<group>"; };
		8EC43A372A33D16400724548 /* Manrope-Bold.otf */ = {isa = PBXFileReference; lastKnownFileType = file; path = "Manrope-Bold.otf"; sourceTree = "<group>"; };
		8EC43A382A33D16400724548 /* Manrope-Medium.otf */ = {isa = PBXFileReference; lastKnownFileType = file; path = "Manrope-Medium.otf"; sourceTree = "<group>"; };
		8EC43A392A33D4F100724548 /* Info.plist */ = {isa = PBXFileReference; lastKnownFileType = text.plist; path = Info.plist; sourceTree = "<group>"; };
		8EC43A3B2A33D5AB00724548 /* FontStyles.swift */ = {isa = PBXFileReference; lastKnownFileType = sourcecode.swift; path = FontStyles.swift; sourceTree = "<group>"; };
		8EC43A3D2A33D5C700724548 /* AppColors.swift */ = {isa = PBXFileReference; lastKnownFileType = sourcecode.swift; path = AppColors.swift; sourceTree = "<group>"; };
		8EC43A402A33D63E00724548 /* ViewExtension.swift */ = {isa = PBXFileReference; fileEncoding = 4; lastKnownFileType = sourcecode.swift; path = ViewExtension.swift; sourceTree = "<group>"; };
		8EC43A442A33DBC800724548 /* AppImages.swift */ = {isa = PBXFileReference; lastKnownFileType = sourcecode.swift; path = AppImages.swift; sourceTree = "<group>"; };
		8EC4CB1B2A3401B800E0A06F /* BackgroundView.swift */ = {isa = PBXFileReference; lastKnownFileType = sourcecode.swift; path = BackgroundView.swift; sourceTree = "<group>"; };
		8EC4CB1D2A34034E00E0A06F /* BacgroundCircleView.swift */ = {isa = PBXFileReference; lastKnownFileType = sourcecode.swift; path = BacgroundCircleView.swift; sourceTree = "<group>"; };
		8ECC71CD2A348F7B0072BA7E /* BorderedCircle.swift */ = {isa = PBXFileReference; lastKnownFileType = sourcecode.swift; path = BorderedCircle.swift; sourceTree = "<group>"; };
		8ECC71CF2A3493250072BA7E /* WhiteCircleView.swift */ = {isa = PBXFileReference; lastKnownFileType = sourcecode.swift; path = WhiteCircleView.swift; sourceTree = "<group>"; };
		8ECC71D22A349D000072BA7E /* WelcomeScreenView.swift */ = {isa = PBXFileReference; lastKnownFileType = sourcecode.swift; path = WelcomeScreenView.swift; sourceTree = "<group>"; };
		8ECC71D42A349DD10072BA7E /* NavigationViewModel.swift */ = {isa = PBXFileReference; lastKnownFileType = sourcecode.swift; path = NavigationViewModel.swift; sourceTree = "<group>"; };
/* End PBXFileReference section */

/* Begin PBXFrameworksBuildPhase section */
		8EC43A1A2A33CD1D00724548 /* Frameworks */ = {
			isa = PBXFrameworksBuildPhase;
			buildActionMask = 2147483647;
			files = (
			);
			runOnlyForDeploymentPostprocessing = 0;
		};
/* End PBXFrameworksBuildPhase section */

/* Begin PBXGroup section */
		8EC43A142A33CD1D00724548 = {
			isa = PBXGroup;
			children = (
				8EC43A1F2A33CD1D00724548 /* PetShop */,
				8EC43A1E2A33CD1D00724548 /* Products */,
			);
			sourceTree = "<group>";
		};
		8EC43A1E2A33CD1D00724548 /* Products */ = {
			isa = PBXGroup;
			children = (
				8EC43A1D2A33CD1D00724548 /* PetShop.app */,
			);
			name = Products;
			sourceTree = "<group>";
		};
		8EC43A1F2A33CD1D00724548 /* PetShop */ = {
			isa = PBXGroup;
			children = (
				8EC43A392A33D4F100724548 /* Info.plist */,
				8EC43A322A33D00A00724548 /* Assets */,
				8EC43A312A33CFD900724548 /* Utilities */,
				8EC43A302A33CFCB00724548 /* Views */,
				8EC43A2F2A33CFBC00724548 /* ViewModels */,
				8EC43A2E2A33CFB400724548 /* Models */,
				8EC43A202A33CD1D00724548 /* PetShopApp.swift */,
				8EC43A222A33CD1D00724548 /* ContentView.swift */,
				8EC43A262A33CD2000724548 /* Preview Content */,
			);
			path = PetShop;
			sourceTree = "<group>";
		};
		8EC43A262A33CD2000724548 /* Preview Content */ = {
			isa = PBXGroup;
			children = (
				8EC43A272A33CD2000724548 /* Preview Assets.xcassets */,
			);
			path = "Preview Content";
			sourceTree = "<group>";
		};
		8EC43A2E2A33CFB400724548 /* Models */ = {
			isa = PBXGroup;
			children = (
			);
			path = Models;
			sourceTree = "<group>";
		};
		8EC43A2F2A33CFBC00724548 /* ViewModels */ = {
			isa = PBXGroup;
			children = (
				8ECC71D42A349DD10072BA7E /* NavigationViewModel.swift */,
			);
			path = ViewModels;
			sourceTree = "<group>";
		};
		8EC43A302A33CFCB00724548 /* Views */ = {
			isa = PBXGroup;
			children = (
				8ECC71D12A349CE90072BA7E /* Welcome */,
				8EC4CB1A2A34017200E0A06F /* Shared */,
			);
			path = Views;
			sourceTree = "<group>";
		};
		8EC43A312A33CFD900724548 /* Utilities */ = {
			isa = PBXGroup;
			children = (
				8EC43A3F2A33D63E00724548 /* Extensions */,
				8EC43A3A2A33D59100724548 /* Constants */,
			);
			path = Utilities;
			sourceTree = "<group>";
		};
		8EC43A322A33D00A00724548 /* Assets */ = {
			isa = PBXGroup;
			children = (
				8EC4CB132A33F7EF00E0A06F /* Fonts */,
				8EC43A242A33CD2000724548 /* Assets.xcassets */,
			);
			name = Assets;
			sourceTree = "<group>";
		};
		8EC43A3A2A33D59100724548 /* Constants */ = {
			isa = PBXGroup;
			children = (
				8EC43A3B2A33D5AB00724548 /* FontStyles.swift */,
				8EC43A3D2A33D5C700724548 /* AppColors.swift */,
				8EC43A442A33DBC800724548 /* AppImages.swift */,
			);
			path = Constants;
			sourceTree = "<group>";
		};
		8EC43A3F2A33D63E00724548 /* Extensions */ = {
			isa = PBXGroup;
			children = (
				8EC43A402A33D63E00724548 /* ViewExtension.swift */,
			);
			path = Extensions;
			sourceTree = "<group>";
		};
		8EC4CB132A33F7EF00E0A06F /* Fonts */ = {
			isa = PBXGroup;
			children = (
				8EC43A362A33D16400724548 /* Manrope-SemiBold.otf */,
				8EC43A342A33D16400724548 /* Manrope-ExtraBold.otf */,
				8EC43A352A33D16400724548 /* Manrope-Regular.otf */,
				8EC43A382A33D16400724548 /* Manrope-Medium.otf */,
				8EC43A372A33D16400724548 /* Manrope-Bold.otf */,
			);
			name = Fonts;
			sourceTree = "<group>";
		};
		8EC4CB1A2A34017200E0A06F /* Shared */ = {
			isa = PBXGroup;
			children = (
				8EC4CB1B2A3401B800E0A06F /* BackgroundView.swift */,
				8EC4CB1D2A34034E00E0A06F /* BacgroundCircleView.swift */,
				8ECC71CD2A348F7B0072BA7E /* BorderedCircle.swift */,
				8ECC71CF2A3493250072BA7E /* WhiteCircleView.swift */,
			);
			path = Shared;
			sourceTree = "<group>";
		};
		8ECC71D12A349CE90072BA7E /* Welcome */ = {
			isa = PBXGroup;
			children = (
				8ECC71D22A349D000072BA7E /* WelcomeScreenView.swift */,
			);
			path = Welcome;
			sourceTree = "<group>";
		};
/* End PBXGroup section */

/* Begin PBXNativeTarget section */
		8EC43A1C2A33CD1D00724548 /* PetShop */ = {
			isa = PBXNativeTarget;
			buildConfigurationList = 8EC43A2B2A33CD2000724548 /* Build configuration list for PBXNativeTarget "PetShop" */;
			buildPhases = (
				8EC43A192A33CD1D00724548 /* Sources */,
				8EC43A1A2A33CD1D00724548 /* Frameworks */,
				8EC43A1B2A33CD1D00724548 /* Resources */,
			);
			buildRules = (
			);
			dependencies = (
			);
			name = PetShop;
			productName = PetShop;
			productReference = 8EC43A1D2A33CD1D00724548 /* PetShop.app */;
			productType = "com.apple.product-type.application";
		};
/* End PBXNativeTarget section */

/* Begin PBXProject section */
		8EC43A152A33CD1D00724548 /* Project object */ = {
			isa = PBXProject;
			attributes = {
				BuildIndependentTargetsInParallel = 1;
				LastSwiftUpdateCheck = 1430;
				LastUpgradeCheck = 1430;
				TargetAttributes = {
					8EC43A1C2A33CD1D00724548 = {
						CreatedOnToolsVersion = 14.3.1;
					};
				};
			};
			buildConfigurationList = 8EC43A182A33CD1D00724548 /* Build configuration list for PBXProject "PetShop" */;
			compatibilityVersion = "Xcode 14.0";
			developmentRegion = en;
			hasScannedForEncodings = 0;
			knownRegions = (
				en,
				Base,
			);
			mainGroup = 8EC43A142A33CD1D00724548;
			productRefGroup = 8EC43A1E2A33CD1D00724548 /* Products */;
			projectDirPath = "";
			projectRoot = "";
			targets = (
				8EC43A1C2A33CD1D00724548 /* PetShop */,
			);
		};
/* End PBXProject section */

/* Begin PBXResourcesBuildPhase section */
		8EC43A1B2A33CD1D00724548 /* Resources */ = {
			isa = PBXResourcesBuildPhase;
			buildActionMask = 2147483647;
			files = (
				8EC4CB152A33F85700E0A06F /* Manrope-ExtraBold.otf in Resources */,
				8EC4CB172A33F87E00E0A06F /* Manrope-Regular.otf in Resources */,
				8EC4CB162A33F87900E0A06F /* Manrope-SemiBold.otf in Resources */,
				8EC43A282A33CD2000724548 /* Preview Assets.xcassets in Resources */,
				8EC43A252A33CD2000724548 /* Assets.xcassets in Resources */,
				8EC4CB182A33F88100E0A06F /* Manrope-Medium.otf in Resources */,
				8EC4CB192A33F88400E0A06F /* Manrope-Bold.otf in Resources */,
			);
			runOnlyForDeploymentPostprocessing = 0;
		};
/* End PBXResourcesBuildPhase section */

/* Begin PBXSourcesBuildPhase section */
		8EC43A192A33CD1D00724548 /* Sources */ = {
			isa = PBXSourcesBuildPhase;
			buildActionMask = 2147483647;
			files = (
				8ECC71D52A349DD10072BA7E /* NavigationViewModel.swift in Sources */,
				8EC43A232A33CD1D00724548 /* ContentView.swift in Sources */,
				8EC43A452A33DBC800724548 /* AppImages.swift in Sources */,
				8ECC71CE2A348F7B0072BA7E /* BorderedCircle.swift in Sources */,
				8ECC71D32A349D000072BA7E /* WelcomeScreenView.swift in Sources */,
				8EC43A3E2A33D5C700724548 /* AppColors.swift in Sources */,
				8EC4CB1C2A3401B800E0A06F /* BackgroundView.swift in Sources */,
				8EC43A212A33CD1D00724548 /* PetShopApp.swift in Sources */,
				8EC43A3C2A33D5AB00724548 /* FontStyles.swift in Sources */,
				8EC4CB1E2A34034E00E0A06F /* BacgroundCircleView.swift in Sources */,
				8EC43A422A33D63E00724548 /* ViewExtension.swift in Sources */,
				8ECC71D02A3493250072BA7E /* WhiteCircleView.swift in Sources */,
			);
			runOnlyForDeploymentPostprocessing = 0;
		};
/* End PBXSourcesBuildPhase section */

/* Begin XCBuildConfiguration section */
		8EC43A292A33CD2000724548 /* Debug */ = {
			isa = XCBuildConfiguration;
			buildSettings = {
				ALWAYS_SEARCH_USER_PATHS = NO;
				CLANG_ANALYZER_NONNULL = YES;
				CLANG_ANALYZER_NUMBER_OBJECT_CONVERSION = YES_AGGRESSIVE;
				CLANG_CXX_LANGUAGE_STANDARD = "gnu++20";
				CLANG_ENABLE_MODULES = YES;
				CLANG_ENABLE_OBJC_ARC = YES;
				CLANG_ENABLE_OBJC_WEAK = YES;
				CLANG_WARN_BLOCK_CAPTURE_AUTORELEASING = YES;
				CLANG_WARN_BOOL_CONVERSION = YES;
				CLANG_WARN_COMMA = YES;
				CLANG_WARN_CONSTANT_CONVERSION = YES;
				CLANG_WARN_DEPRECATED_OBJC_IMPLEMENTATIONS = YES;
				CLANG_WARN_DIRECT_OBJC_ISA_USAGE = YES_ERROR;
				CLANG_WARN_DOCUMENTATION_COMMENTS = YES;
				CLANG_WARN_EMPTY_BODY = YES;
				CLANG_WARN_ENUM_CONVERSION = YES;
				CLANG_WARN_INFINITE_RECURSION = YES;
				CLANG_WARN_INT_CONVERSION = YES;
				CLANG_WARN_NON_LITERAL_NULL_CONVERSION = YES;
				CLANG_WARN_OBJC_IMPLICIT_RETAIN_SELF = YES;
				CLANG_WARN_OBJC_LITERAL_CONVERSION = YES;
				CLANG_WARN_OBJC_ROOT_CLASS = YES_ERROR;
				CLANG_WARN_QUOTED_INCLUDE_IN_FRAMEWORK_HEADER = YES;
				CLANG_WARN_RANGE_LOOP_ANALYSIS = YES;
				CLANG_WARN_STRICT_PROTOTYPES = YES;
				CLANG_WARN_SUSPICIOUS_MOVE = YES;
				CLANG_WARN_UNGUARDED_AVAILABILITY = YES_AGGRESSIVE;
				CLANG_WARN_UNREACHABLE_CODE = YES;
				CLANG_WARN__DUPLICATE_METHOD_MATCH = YES;
				COPY_PHASE_STRIP = NO;
				DEBUG_INFORMATION_FORMAT = dwarf;
				ENABLE_STRICT_OBJC_MSGSEND = YES;
				ENABLE_TESTABILITY = YES;
				GCC_C_LANGUAGE_STANDARD = gnu11;
				GCC_DYNAMIC_NO_PIC = NO;
				GCC_NO_COMMON_BLOCKS = YES;
				GCC_OPTIMIZATION_LEVEL = 0;
				GCC_PREPROCESSOR_DEFINITIONS = (
					"DEBUG=1",
					"$(inherited)",
				);
				GCC_WARN_64_TO_32_BIT_CONVERSION = YES;
				GCC_WARN_ABOUT_RETURN_TYPE = YES_ERROR;
				GCC_WARN_UNDECLARED_SELECTOR = YES;
				GCC_WARN_UNINITIALIZED_AUTOS = YES_AGGRESSIVE;
				GCC_WARN_UNUSED_FUNCTION = YES;
				GCC_WARN_UNUSED_VARIABLE = YES;
				IPHONEOS_DEPLOYMENT_TARGET = 16.4;
				MTL_ENABLE_DEBUG_INFO = INCLUDE_SOURCE;
				MTL_FAST_MATH = YES;
				ONLY_ACTIVE_ARCH = YES;
				SDKROOT = iphoneos;
				SWIFT_ACTIVE_COMPILATION_CONDITIONS = DEBUG;
				SWIFT_OPTIMIZATION_LEVEL = "-Onone";
			};
			name = Debug;
		};
		8EC43A2A2A33CD2000724548 /* Release */ = {
			isa = XCBuildConfiguration;
			buildSettings = {
				ALWAYS_SEARCH_USER_PATHS = NO;
				CLANG_ANALYZER_NONNULL = YES;
				CLANG_ANALYZER_NUMBER_OBJECT_CONVERSION = YES_AGGRESSIVE;
				CLANG_CXX_LANGUAGE_STANDARD = "gnu++20";
				CLANG_ENABLE_MODULES = YES;
				CLANG_ENABLE_OBJC_ARC = YES;
				CLANG_ENABLE_OBJC_WEAK = YES;
				CLANG_WARN_BLOCK_CAPTURE_AUTORELEASING = YES;
				CLANG_WARN_BOOL_CONVERSION = YES;
				CLANG_WARN_COMMA = YES;
				CLANG_WARN_CONSTANT_CONVERSION = YES;
				CLANG_WARN_DEPRECATED_OBJC_IMPLEMENTATIONS = YES;
				CLANG_WARN_DIRECT_OBJC_ISA_USAGE = YES_ERROR;
				CLANG_WARN_DOCUMENTATION_COMMENTS = YES;
				CLANG_WARN_EMPTY_BODY = YES;
				CLANG_WARN_ENUM_CONVERSION = YES;
				CLANG_WARN_INFINITE_RECURSION = YES;
				CLANG_WARN_INT_CONVERSION = YES;
				CLANG_WARN_NON_LITERAL_NULL_CONVERSION = YES;
				CLANG_WARN_OBJC_IMPLICIT_RETAIN_SELF = YES;
				CLANG_WARN_OBJC_LITERAL_CONVERSION = YES;
				CLANG_WARN_OBJC_ROOT_CLASS = YES_ERROR;
				CLANG_WARN_QUOTED_INCLUDE_IN_FRAMEWORK_HEADER = YES;
				CLANG_WARN_RANGE_LOOP_ANALYSIS = YES;
				CLANG_WARN_STRICT_PROTOTYPES = YES;
				CLANG_WARN_SUSPICIOUS_MOVE = YES;
				CLANG_WARN_UNGUARDED_AVAILABILITY = YES_AGGRESSIVE;
				CLANG_WARN_UNREACHABLE_CODE = YES;
				CLANG_WARN__DUPLICATE_METHOD_MATCH = YES;
				COPY_PHASE_STRIP = NO;
				DEBUG_INFORMATION_FORMAT = "dwarf-with-dsym";
				ENABLE_NS_ASSERTIONS = NO;
				ENABLE_STRICT_OBJC_MSGSEND = YES;
				GCC_C_LANGUAGE_STANDARD = gnu11;
				GCC_NO_COMMON_BLOCKS = YES;
				GCC_WARN_64_TO_32_BIT_CONVERSION = YES;
				GCC_WARN_ABOUT_RETURN_TYPE = YES_ERROR;
				GCC_WARN_UNDECLARED_SELECTOR = YES;
				GCC_WARN_UNINITIALIZED_AUTOS = YES_AGGRESSIVE;
				GCC_WARN_UNUSED_FUNCTION = YES;
				GCC_WARN_UNUSED_VARIABLE = YES;
				IPHONEOS_DEPLOYMENT_TARGET = 16.4;
				MTL_ENABLE_DEBUG_INFO = NO;
				MTL_FAST_MATH = YES;
				SDKROOT = iphoneos;
				SWIFT_COMPILATION_MODE = wholemodule;
				SWIFT_OPTIMIZATION_LEVEL = "-O";
				VALIDATE_PRODUCT = YES;
			};
			name = Release;
		};
		8EC43A2C2A33CD2000724548 /* Debug */ = {
			isa = XCBuildConfiguration;
			buildSettings = {
				ASSETCATALOG_COMPILER_APPICON_NAME = AppIcon;
				ASSETCATALOG_COMPILER_GLOBAL_ACCENT_COLOR_NAME = AccentColor;
				CODE_SIGN_STYLE = Automatic;
				CURRENT_PROJECT_VERSION = 1;
				DEVELOPMENT_ASSET_PATHS = "\"PetShop/Preview Content\"";
				DEVELOPMENT_TEAM = 76T37C7ZY5;
				ENABLE_PREVIEWS = YES;
				GENERATE_INFOPLIST_FILE = YES;
				INFOPLIST_FILE = PetShop/Info.plist;
				INFOPLIST_KEY_UIApplicationSceneManifest_Generation = YES;
				INFOPLIST_KEY_UIApplicationSupportsIndirectInputEvents = YES;
				INFOPLIST_KEY_UILaunchScreen_Generation = YES;
				INFOPLIST_KEY_UISupportedInterfaceOrientations_iPad = "UIInterfaceOrientationPortrait UIInterfaceOrientationPortraitUpsideDown UIInterfaceOrientationLandscapeLeft UIInterfaceOrientationLandscapeRight";
				INFOPLIST_KEY_UISupportedInterfaceOrientations_iPhone = "UIInterfaceOrientationPortrait UIInterfaceOrientationLandscapeLeft UIInterfaceOrientationLandscapeRight";
				LD_RUNPATH_SEARCH_PATHS = (
					"$(inherited)",
					"@executable_path/Frameworks",
				);
				MARKETING_VERSION = 1.0;
				PRODUCT_BUNDLE_IDENTIFIER = com.dirisu.jesse.PetShop;
				PRODUCT_NAME = "$(TARGET_NAME)";
				SWIFT_EMIT_LOC_STRINGS = YES;
				SWIFT_VERSION = 5.0;
				TARGETED_DEVICE_FAMILY = "1,2";
			};
			name = Debug;
		};
		8EC43A2D2A33CD2000724548 /* Release */ = {
			isa = XCBuildConfiguration;
			buildSettings = {
				ASSETCATALOG_COMPILER_APPICON_NAME = AppIcon;
				ASSETCATALOG_COMPILER_GLOBAL_ACCENT_COLOR_NAME = AccentColor;
				CODE_SIGN_STYLE = Automatic;
				CURRENT_PROJECT_VERSION = 1;
				DEVELOPMENT_ASSET_PATHS = "\"PetShop/Preview Content\"";
				DEVELOPMENT_TEAM = 76T37C7ZY5;
				ENABLE_PREVIEWS = YES;
				GENERATE_INFOPLIST_FILE = YES;
				INFOPLIST_FILE = PetShop/Info.plist;
				INFOPLIST_KEY_UIApplicationSceneManifest_Generation = YES;
				INFOPLIST_KEY_UIApplicationSupportsIndirectInputEvents = YES;
				INFOPLIST_KEY_UILaunchScreen_Generation = YES;
				INFOPLIST_KEY_UISupportedInterfaceOrientations_iPad = "UIInterfaceOrientationPortrait UIInterfaceOrientationPortraitUpsideDown UIInterfaceOrientationLandscapeLeft UIInterfaceOrientationLandscapeRight";
				INFOPLIST_KEY_UISupportedInterfaceOrientations_iPhone = "UIInterfaceOrientationPortrait UIInterfaceOrientationLandscapeLeft UIInterfaceOrientationLandscapeRight";
				LD_RUNPATH_SEARCH_PATHS = (
					"$(inherited)",
					"@executable_path/Frameworks",
				);
				MARKETING_VERSION = 1.0;
				PRODUCT_BUNDLE_IDENTIFIER = com.dirisu.jesse.PetShop;
				PRODUCT_NAME = "$(TARGET_NAME)";
				SWIFT_EMIT_LOC_STRINGS = YES;
				SWIFT_VERSION = 5.0;
				TARGETED_DEVICE_FAMILY = "1,2";
			};
			name = Release;
		};
/* End XCBuildConfiguration section */

/* Begin XCConfigurationList section */
		8EC43A182A33CD1D00724548 /* Build configuration list for PBXProject "PetShop" */ = {
			isa = XCConfigurationList;
			buildConfigurations = (
				8EC43A292A33CD2000724548 /* Debug */,
				8EC43A2A2A33CD2000724548 /* Release */,
			);
			defaultConfigurationIsVisible = 0;
			defaultConfigurationName = Release;
		};
		8EC43A2B2A33CD2000724548 /* Build configuration list for PBXNativeTarget "PetShop" */ = {
			isa = XCConfigurationList;
			buildConfigurations = (
				8EC43A2C2A33CD2000724548 /* Debug */,
				8EC43A2D2A33CD2000724548 /* Release */,
			);
			defaultConfigurationIsVisible = 0;
			defaultConfigurationName = Release;
		};
/* End XCConfigurationList section */
	};
	rootObject = 8EC43A152A33CD1D00724548 /* Project object */;
}
